
Microsoft Visual Studio Solution File, Format Version 12.00
# Visual Studio Version 17
VisualStudioVersion = 17.0.32802.463
MinimumVisualStudioVersion = 10.0.40219.1
Project("{FAE04EC0-301F-11D3-BF4B-00C04F79EFBC}") = "Property.Services", "Property.Services\Property.Services.csproj", "{B5C8A39F-C4DB-49A9-8414-82650D0FF70F}"
EndProject
Global
	GlobalSection(SolutionConfigurationPlatforms) = preSolution
		Debug|Any CPU = Debug|Any CPU
		Release|Any CPU = Release|Any CPU
	EndGlobalSection
	GlobalSection(ProjectConfigurationPlatforms) = postSolution
		{B5C8A39F-C4DB-49A9-8414-82650D0FF70F}.Debug|Any CPU.ActiveCfg = Debug|Any CPU
		{B5C8A39F-C4DB-49A9-8414-82650D0FF70F}.Debug|Any CPU.Build.0 = Debug|Any CPU
		{B5C8A39F-C4DB-49A9-8414-82650D0FF70F}.Release|Any CPU.ActiveCfg = Release|Any CPU
		{B5C8A39F-C4DB-49A9-8414-82650D0FF70F}.Release|Any CPU.Build.0 = Release|Any CPU
	EndGlobalSection
	GlobalSection(SolutionProperties) = preSolution
		HideSolutionNode = FALSE
	EndGlobalSection
	GlobalSection(ExtensibilityGlobals) = postSolution
		SolutionGuid = {FA847397-B5C7-4750-A6FC-9DE904B85F15}
	EndGlobalSection
EndGlobal
